// !$*UTF8*$!
{
	archiveVersion = 1;
	classes = {
	};
	objectVersion = 46;
	objects = {

/* Begin PBXBuildFile section */
		857C51321DF0324D00F96D4C /* AppDelegate.swift in Sources */ = {isa = PBXBuildFile; fileRef = 857C51311DF0324D00F96D4C /* AppDelegate.swift */; };
		857C51341DF0324D00F96D4C /* ViewController.swift in Sources */ = {isa = PBXBuildFile; fileRef = 857C51331DF0324D00F96D4C /* ViewController.swift */; };
		857C51371DF0324D00F96D4C /* Main.storyboard in Resources */ = {isa = PBXBuildFile; fileRef = 857C51351DF0324D00F96D4C /* Main.storyboard */; };
		857C51391DF0324D00F96D4C /* Assets.xcassets in Resources */ = {isa = PBXBuildFile; fileRef = 857C51381DF0324D00F96D4C /* Assets.xcassets */; };
		857C513C1DF0324D00F96D4C /* LaunchScreen.storyboard in Resources */ = {isa = PBXBuildFile; fileRef = 857C513A1DF0324D00F96D4C /* LaunchScreen.storyboard */; };
/* End PBXBuildFile section */

/* Begin PBXFileReference section */
		857C512E1DF0324D00F96D4C /* CowQlater.app */ = {isa = PBXFileReference; explicitFileType = wrapper.application; includeInIndex = 0; path = CowQlater.app; sourceTree = BUILT_PRODUCTS_DIR; };
		857C51311DF0324D00F96D4C /* AppDelegate.swift */ = {isa = PBXFileReference; lastKnownFileType = sourcecode.swift; path = AppDelegate.swift; sourceTree = "<group>"; };
		857C51331DF0324D00F96D4C /* ViewController.swift */ = {isa = PBXFileReference; lastKnownFileType = sourcecode.swift; path = ViewController.swift; sourceTree = "<group>"; };
		857C51361DF0324D00F96D4C /* Base */ = {isa = PBXFileReference; lastKnownFileType = file.storyboard; name = Base; path = Base.lproj/Main.storyboard; sourceTree = "<group>"; };
		857C51381DF0324D00F96D4C /* Assets.xcassets */ = {isa = PBXFileReference; lastKnownFileType = folder.assetcatalog; path = Assets.xcassets; sourceTree = "<group>"; };
		857C513B1DF0324D00F96D4C /* Base */ = {isa = PBXFileReference; lastKnownFileType = file.storyboard; name = Base; path = Base.lproj/LaunchScreen.storyboard; sourceTree = "<group>"; };
		857C513D1DF0324D00F96D4C /* Info.plist */ = {isa = PBXFileReference; lastKnownFileType = text.plist.xml; path = Info.plist; sourceTree = "<group>"; };
/* End PBXFileReference section */

/* Begin PBXFrameworksBuildPhase section */
		857C512B1DF0324C00F96D4C /* Frameworks */ = {
			isa = PBXFrameworksBuildPhase;
			buildActionMask = 2147483647;
			files = (
			);
			runOnlyForDeploymentPostprocessing = 0;
		};
/* End PBXFrameworksBuildPhase section */

/* Begin PBXGroup section */
		857C51251DF0324C00F96D4C = {
			isa = PBXGroup;
			children = (
				857C51301DF0324D00F96D4C /* CowQlater */,
				857C512F1DF0324D00F96D4C /* Products */,
			);
			sourceTree = "<group>";
		};
		857C512F1DF0324D00F96D4C /* Products */ = {
			isa = PBXGroup;
			children = (
				857C512E1DF0324D00F96D4C /* CowQlater.app */,
			);
			name = Products;
			sourceTree = "<group>";
		};
		857C51301DF0324D00F96D4C /* CowQlater */ = {
			isa = PBXGroup;
			children = (
				857C51311DF0324D00F96D4C /* AppDelegate.swift */,
				857C51331DF0324D00F96D4C /* ViewController.swift */,
				857C51351DF0324D00F96D4C /* Main.storyboard */,
				857C51381DF0324D00F96D4C /* Assets.xcassets */,
				857C513A1DF0324D00F96D4C /* LaunchScreen.storyboard */,
				857C513D1DF0324D00F96D4C /* Info.plist */,
			);
			path = CowQlater;
			sourceTree = "<group>";
		};
/* End PBXGroup section */

/* Begin PBXNativeTarget section */
		857C512D1DF0324C00F96D4C /* CowQlater */ = {
			isa = PBXNativeTarget;
			buildConfigurationList = 857C51401DF0324D00F96D4C /* Build configuration list for PBXNativeTarget "CowQlater" */;
			buildPhases = (
				857C512A1DF0324C00F96D4C /* Sources */,
				857C512B1DF0324C00F96D4C /* Frameworks */,
				857C512C1DF0324C00F96D4C /* Resources */,
			);
			buildRules = (
			);
			dependencies = (
			);
			name = CowQlater;
			productName = CowQlater;
			productReference = 857C512E1DF0324D00F96D4C /* CowQlater.app */;
			productType = "com.apple.product-type.application";
		};
/* End PBXNativeTarget section */

/* Begin PBXProject section */
		857C51261DF0324C00F96D4C /* Project object */ = {
			isa = PBXProject;
			attributes = {
				LastSwiftUpdateCheck = 0810;
				LastUpgradeCheck = 0810;
				ORGANIZATIONNAME = Elmunei;
				TargetAttributes = {
					857C512D1DF0324C00F96D4C = {
						CreatedOnToolsVersion = 8.1;
						DevelopmentTeam = GUJHFYRL49;
						ProvisioningStyle = Automatic;
					};
				};
			};
			buildConfigurationList = 857C51291DF0324C00F96D4C /* Build configuration list for PBXProject "CowQlater" */;
			compatibilityVersion = "Xcode 3.2";
			developmentRegion = English;
			hasScannedForEncodings = 0;
			knownRegions = (
				en,
				Base,
			);
			mainGroup = 857C51251DF0324C00F96D4C;
			productRefGroup = 857C512F1DF0324D00F96D4C /* Products */;
			projectDirPath = "";
			projectRoot = "";
			targets = (
				857C512D1DF0324C00F96D4C /* CowQlater */,
			);
		};
/* End PBXProject section */

/* Begin PBXResourcesBuildPhase section */
		857C512C1DF0324C00F96D4C /* Resources */ = {
			isa = PBXResourcesBuildPhase;
			buildActionMask = 2147483647;
			files = (
				857C513C1DF0324D00F96D4C /* LaunchScreen.storyboard in Resources */,
				857C51391DF0324D00F96D4C /* Assets.xcassets in Resources */,
				857C51371DF0324D00F96D4C /* Main.storyboard in Resources */,
			);
			runOnlyForDeploymentPostprocessing = 0;
		};
/* End PBXResourcesBuildPhase section */

/* Begin PBXSourcesBuildPhase section */
		857C512A1DF0324C00F96D4C /* Sources */ = {
			isa = PBXSourcesBuildPhase;
			buildActionMask = 2147483647;
			files = (
				857C51341DF0324D00F96D4C /* ViewController.swift in Sources */,
				857C51321DF0324D00F96D4C /* AppDelegate.swift in Sources */,
			);
			runOnlyForDeploymentPostprocessing = 0;
		};
/* End PBXSourcesBuildPhase section */

/* Begin PBXVariantGroup section */
		857C51351DF0324D00F96D4C /* Main.storyboard */ = {
			isa = PBXVariantGroup;
			children = (
				857C51361DF0324D00F96D4C /* Base */,
			);
			name = Main.storyboard;
			sourceTree = "<group>";
		};
		857C513A1DF0324D00F96D4C /* LaunchScreen.storyboard */ = {
			isa = PBXVariantGroup;
			children = (
				857C513B1DF0324D00F96D4C /* Base */,
			);
			name = LaunchScreen.storyboard;
			sourceTree = "<group>";
		};
/* End PBXVariantGroup section */

/* Begin XCBuildConfiguration section */
		857C513E1DF0324D00F96D4C /* Debug */ = {
			isa = XCBuildConfiguration;
			buildSettings = {
				ALWAYS_SEARCH_USER_PATHS = NO;
				CLANG_ANALYZER_NONNULL = YES;
				CLANG_CXX_LANGUAGE_STANDARD = "gnu++0x";
				CLANG_CXX_LIBRARY = "libc++";
				CLANG_ENABLE_MODULES = YES;
				CLANG_ENABLE_OBJC_ARC = YES;
				CLANG_WARN_BOOL_CONVERSION = YES;
				CLANG_WARN_CONSTANT_CONVERSION = YES;
				CLANG_WARN_DIRECT_OBJC_ISA_USAGE = YES_ERROR;
				CLANG_WARN_DOCUMENTATION_COMMENTS = YES;
				CLANG_WARN_EMPTY_BODY = YES;
				CLANG_WARN_ENUM_CONVERSION = YES;
				CLANG_WARN_INFINITE_RECURSION = YES;
				CLANG_WARN_INT_CONVERSION = YES;
				CLANG_WARN_OBJC_ROOT_CLASS = YES_ERROR;
				CLANG_WARN_SUSPICIOUS_MOVES = YES;
				CLANG_WARN_UNREACHABLE_CODE = YES;
				CLANG_WARN__DUPLICATE_METHOD_MATCH = YES;
				"CODE_SIGN_IDENTITY[sdk=iphoneos*]" = "iPhone Developer";
				COPY_PHASE_STRIP = NO;
				DEBUG_INFORMATION_FORMAT = dwarf;
				ENABLE_STRICT_OBJC_MSGSEND = YES;
				ENABLE_TESTABILITY = YES;
				GCC_C_LANGUAGE_STANDARD = gnu99;
				GCC_DYNAMIC_NO_PIC = NO;
				GCC_NO_COMMON_BLOCKS = YES;
				GCC_OPTIMIZATION_LEVEL = 0;
				GCC_PREPROCESSOR_DEFINITIONS = (
					"DEBUG=1",
					"$(inherited)",
				);
				GCC_WARN_64_TO_32_BIT_CONVERSION = YES;
				GCC_WARN_ABOUT_RETURN_TYPE = YES_ERROR;
				GCC_WARN_UNDECLARED_SELECTOR = YES;
				GCC_WARN_UNINITIALIZED_AUTOS = YES_AGGRESSIVE;
				GCC_WARN_UNUSED_FUNCTION = YES;
				GCC_WARN_UNUSED_VARIABLE = YES;
				IPHONEOS_DEPLOYMENT_TARGET = 10.1;
				MTL_ENABLE_DEBUG_INFO = YES;
				ONLY_ACTIVE_ARCH = YES;
				SDKROOT = iphoneos;
				SWIFT_ACTIVE_COMPILATION_CONDITIONS = DEBUG;
				SWIFT_OPTIMIZATION_LEVEL = "-Onone";
				TARGETED_DEVICE_FAMILY = "1,2";
			};
			name = Debug;
		};
		857C513F1DF0324D00F96D4C /* Release */ = {
			isa = XCBuildConfiguration;
			buildSettings = {
				ALWAYS_SEARCH_USER_PATHS = NO;
				CLANG_ANALYZER_NONNULL = YES;
				CLANG_CXX_LANGUAGE_STANDARD = "gnu++0x";
				CLANG_CXX_LIBRARY = "libc++";
				CLANG_ENABLE_MODULES = YES;
				CLANG_ENABLE_OBJC_ARC = YES;
				CLANG_WARN_BOOL_CONVERSION = YES;
				CLANG_WARN_CONSTANT_CONVERSION = YES;
				CLANG_WARN_DIRECT_OBJC_ISA_USAGE = YES_ERROR;
				CLANG_WARN_DOCUMENTATION_COMMENTS = YES;
				CLANG_WARN_EMPTY_BODY = YES;
				CLANG_WARN_ENUM_CONVERSION = YES;
				CLANG_WARN_INFINITE_RECURSION = YES;
				CLANG_WARN_INT_CONVERSION = YES;
				CLANG_WARN_OBJC_ROOT_CLASS = YES_ERROR;
				CLANG_WARN_SUSPICIOUS_MOVES = YES;
				CLANG_WARN_UNREACHABLE_CODE = YES;
				CLANG_WARN__DUPLICATE_METHOD_MATCH = YES;
				"CODE_SIGN_IDENTITY[sdk=iphoneos*]" = "iPhone Developer";
				COPY_PHASE_STRIP = NO;
				DEBUG_INFORMATION_FORMAT = "dwarf-with-dsym";
				ENABLE_NS_ASSERTIONS = NO;
				ENABLE_STRICT_OBJC_MSGSEND = YES;
				GCC_C_LANGUAGE_STANDARD = gnu99;
				GCC_NO_COMMON_BLOCKS = YES;
				GCC_WARN_64_TO_32_BIT_CONVERSION = YES;
				GCC_WARN_ABOUT_RETURN_TYPE = YES_ERROR;
				GCC_WARN_UNDECLARED_SELECTOR = YES;
				GCC_WARN_UNINITIALIZED_AUTOS = YES_AGGRESSIVE;
				GCC_WARN_UNUSED_FUNCTION = YES;
				GCC_WARN_UNUSED_VARIABLE = YES;
				IPHONEOS_DEPLOYMENT_TARGET = 10.1;
				MTL_ENABLE_DEBUG_INFO = NO;
				SDKROOT = iphoneos;
				SWIFT_OPTIMIZATION_LEVEL = "-Owholemodule";
				TARGETED_DEVICE_FAMILY = "1,2";
				VALIDATE_PRODUCT = YES;
			};
			name = Release;
		};
		857C51411DF0324D00F96D4C /* Debug */ = {
			isa = XCBuildConfiguration;
			buildSettings = {
				ASSETCATALOG_COMPILER_APPICON_NAME = AppIcon;
				DEVELOPMENT_TEAM = GUJHFYRL49;
				INFOPLIST_FILE = CowQlater/Info.plist;
				LD_RUNPATH_SEARCH_PATHS = "$(inherited) @executable_path/Frameworks";
				PRODUCT_BUNDLE_IDENTIFIER = net.elmunei.CowQlater;
				PRODUCT_NAME = "$(TARGET_NAME)";
				SWIFT_VERSION = 3.0;
			};
			name = Debug;
		};
		857C51421DF0324D00F96D4C /* Release */ = {
			isa = XCBuildConfiguration;
			buildSettings = {
				ASSETCATALOG_COMPILER_APPICON_NAME = AppIcon;
				DEVELOPMENT_TEAM = GUJHFYRL49;
				INFOPLIST_FILE = CowQlater/Info.plist;
				LD_RUNPATH_SEARCH_PATHS = "$(inherited) @executable_path/Frameworks";
				PRODUCT_BUNDLE_IDENTIFIER = net.elmunei.CowQlater;
				PRODUCT_NAME = "$(TARGET_NAME)";
				SWIFT_VERSION = 3.0;
			};
			name = Release;
		};
/* End XCBuildConfiguration section */

/* Begin XCConfigurationList section */
		857C51291DF0324C00F96D4C /* Build configuration list for PBXProject "CowQlater" */ = {
			isa = XCConfigurationList;
			buildConfigurations = (
				857C513E1DF0324D00F96D4C /* Debug */,
				857C513F1DF0324D00F96D4C /* Release */,
			);
			defaultConfigurationIsVisible = 0;
			defaultConfigurationName = Release;
		};
		857C51401DF0324D00F96D4C /* Build configuration list for PBXNativeTarget "CowQlater" */ = {
			isa = XCConfigurationList;
			buildConfigurations = (
				857C51411DF0324D00F96D4C /* Debug */,
				857C51421DF0324D00F96D4C /* Release */,
			);
			defaultConfigurationIsVisible = 0;
		};
/* End XCConfigurationList section */
	};
	rootObject = 857C51261DF0324C00F96D4C /* Project object */;
}
